{
  "name": "pico-jwt",
  "version": "0.1.0",
  "lockfileVersion": 1,
  "requires": true,
  "dependencies": {
    "pico-common": {
      "version": "0.8.7",
      "resolved": "https://registry.npmjs.org/pico-common/-/pico-common-0.8.7.tgz",
      "integrity": "sha512-xPZrsRsUyTR70bueVdvQ0uQPjo9i30jV6hEHCUGYqVFZe7Gu+2z2UQDaWqMpJ9fMIFR7Xyc5bl5CLRFO9qp/gw==",
      "dev": true
    }
  }
}
