{
  "name": "pico-jwt",
  "version": "0.3.2",
  "lockfileVersion": 1,
  "requires": true,
  "dependencies": {
    "ecdsa-sig-formatter": {
      "version": "1.0.11",
      "resolved": "https://registry.npmjs.org/ecdsa-sig-formatter/-/ecdsa-sig-formatter-1.0.11.tgz",
      "integrity": "sha512-nagl3RYrbNv6kQkeJIpt6NJZy8twLB/2vtz6yN9Z4vRKHN4/QZJIEbqohALSgwKdnksuY3k5Addp5lg8sVoVcQ==",
      "requires": {
        "safe-buffer": "^5.0.1"
      }
    },
    "pico-common": {
      "version": "0.12.2",
      "resolved": "https://registry.npmjs.org/pico-common/-/pico-common-0.12.2.tgz",
      "integrity": "sha512-70RdsK6tBqT7qBrxEVTD4n2tY3VtCXQK4TNfWdr27A5LLCRwHgxZkSn5W1ftc4jNp6j01OTKxxpw7nbQ1gZnFw==",
      "dev": true
    },
    "safe-buffer": {
      "version": "5.2.0",
      "resolved": "https://registry.npmjs.org/safe-buffer/-/safe-buffer-5.2.0.tgz",
      "integrity": "sha512-fZEwUGbVl7kouZs1jCdMLdt95hdIv0ZeHg6L7qPeciMZhZ+/gdesW4wgTARkrFWEpspjEATAzUGPG8N2jJiwbg=="
    }
  }
}
