{
  "name": "pico-jwt",
  "version": "0.2.3",
  "lockfileVersion": 1,
  "requires": true,
  "dependencies": {
    "pico-common": {
      "version": "0.10.17",
      "resolved": "https://registry.npmjs.org/pico-common/-/pico-common-0.10.17.tgz",
      "integrity": "sha512-4KVF8DY0CnFRwbLk226KCHE1bwiu/5FCdpwymY7o9BTQCxMEyujSEL6YWG5fGPoci94PsPMNtX++DBkBDJFQtA==",
      "dev": true
    }
  }
}
